schema: '2.0'
stages:
  data_collection:
    cmd: python src/data/data_collection.py
    deps:
    - path: src/data/data_collection.py
      hash: md5
      md5: a38c697cb67dcd8b15826e9ba26c76f4
      size: 1680
    params:
      params.yaml:
        data_collection.test_size: 0.2
    outs:
    - path: data/raw
      hash: md5
      md5: c0c2d65c14a603e91e029fda3c344a5c.dir
      size: 522262
      nfiles: 2
  pre_processing:
    cmd: python src/data/data_prep.py
    deps:
    - path: data/raw
      hash: md5
      md5: c0c2d65c14a603e91e029fda3c344a5c.dir
      size: 522262
      nfiles: 2
    - path: src/data/data_prep.py
      hash: md5
      md5: 09df8aef76a330d96e74537a4958d853
      size: 1604
    outs:
    - path: data/processed
      hash: md5
      md5: 0beb4adc62d83817b414bed6f535f487.dir
      size: 546895
      nfiles: 2
  model_building:
    cmd: python src/model/model_building.py
    deps:
    - path: data/processed
      hash: md5
      md5: 0beb4adc62d83817b414bed6f535f487.dir
      size: 546895
      nfiles: 2
    - path: src/model/model_building.py
      hash: md5
      md5: cd36be7f184472a33289de5f56fcdfe8
      size: 2104
    params:
      params.yaml:
        model_building.n_estimators: 1000
    outs:
    - path: models/model.pkl
      hash: md5
      md5: c9d4ac7dc0526e564e3ea8c478a4e995
      size: 73588548
  model_eval:
    cmd: python src/model/model_eval.py
    deps:
    - path: models/model.pkl
      hash: md5
      md5: c9d4ac7dc0526e564e3ea8c478a4e995
      size: 73588548
    - path: src/model/model_eval.py
      hash: md5
      md5: 45b9b3390f032e977dded8a2f706dca5
      size: 2294
    outs:
    - path: reports/metrics.json
      hash: md5
      md5: 33e2bec4da8943f34db70633548fb703
      size: 149
